
Microsoft Visual Studio Solution File, Format Version 12.00
# Visual Studio Version 16
VisualStudioVersion = 16.0.30907.101
MinimumVisualStudioVersion = 10.0.40219.1
Project("{FAE04EC0-301F-11D3-BF4B-00C04F79EFBC}") = "FT.Common", "FT.Common\FT.Common.csproj", "{17F62326-ECA7-428B-80BC-216F77C54394}"
EndProject
Project("{FAE04EC0-301F-11D3-BF4B-00C04F79EFBC}") = "TestForm", "TestForm\TestForm.csproj", "{68C3EB66-33F3-4431-85C0-1393D21EA27D}"
EndProject
Global
	GlobalSection(SolutionConfigurationPlatforms) = preSolution
		Debug|Any CPU = Debug|Any CPU
		Debug|x64 = Debug|x64
		Debug|x86 = Debug|x86
		Release|Any CPU = Release|Any CPU
		Release|x64 = Release|x64
		Release|x86 = Release|x86
	EndGlobalSection
	GlobalSection(ProjectConfigurationPlatforms) = postSolution
		{17F62326-ECA7-428B-80BC-216F77C54394}.Debug|Any CPU.ActiveCfg = Debug|Any CPU
		{17F62326-ECA7-428B-80BC-216F77C54394}.Debug|Any CPU.Build.0 = Debug|Any CPU
		{17F62326-ECA7-428B-80BC-216F77C54394}.Debug|x64.ActiveCfg = Debug|x64
		{17F62326-ECA7-428B-80BC-216F77C54394}.Debug|x64.Build.0 = Debug|x64
		{17F62326-ECA7-428B-80BC-216F77C54394}.Debug|x86.ActiveCfg = Debug|x86
		{17F62326-ECA7-428B-80BC-216F77C54394}.Debug|x86.Build.0 = Debug|x86
		{17F62326-ECA7-428B-80BC-216F77C54394}.Release|Any CPU.ActiveCfg = Release|Any CPU
		{17F62326-ECA7-428B-80BC-216F77C54394}.Release|Any CPU.Build.0 = Release|Any CPU
		{17F62326-ECA7-428B-80BC-216F77C54394}.Release|x64.ActiveCfg = Release|x64
		{17F62326-ECA7-428B-80BC-216F77C54394}.Release|x64.Build.0 = Release|x64
		{17F62326-ECA7-428B-80BC-216F77C54394}.Release|x86.ActiveCfg = Release|x86
		{17F62326-ECA7-428B-80BC-216F77C54394}.Release|x86.Build.0 = Release|x86
		{68C3EB66-33F3-4431-85C0-1393D21EA27D}.Debug|Any CPU.ActiveCfg = Debug|Any CPU
		{68C3EB66-33F3-4431-85C0-1393D21EA27D}.Debug|Any CPU.Build.0 = Debug|Any CPU
		{68C3EB66-33F3-4431-85C0-1393D21EA27D}.Debug|x64.ActiveCfg = Debug|x64
		{68C3EB66-33F3-4431-85C0-1393D21EA27D}.Debug|x64.Build.0 = Debug|x64
		{68C3EB66-33F3-4431-85C0-1393D21EA27D}.Debug|x86.ActiveCfg = Debug|x86
		{68C3EB66-33F3-4431-85C0-1393D21EA27D}.Debug|x86.Build.0 = Debug|x86
		{68C3EB66-33F3-4431-85C0-1393D21EA27D}.Release|Any CPU.ActiveCfg = Release|Any CPU
		{68C3EB66-33F3-4431-85C0-1393D21EA27D}.Release|Any CPU.Build.0 = Release|Any CPU
		{68C3EB66-33F3-4431-85C0-1393D21EA27D}.Release|x64.ActiveCfg = Release|x64
		{68C3EB66-33F3-4431-85C0-1393D21EA27D}.Release|x64.Build.0 = Release|x64
		{68C3EB66-33F3-4431-85C0-1393D21EA27D}.Release|x86.ActiveCfg = Release|x86
		{68C3EB66-33F3-4431-85C0-1393D21EA27D}.Release|x86.Build.0 = Release|x86
	EndGlobalSection
	GlobalSection(SolutionProperties) = preSolution
		HideSolutionNode = FALSE
	EndGlobalSection
	GlobalSection(ExtensibilityGlobals) = postSolution
		SolutionGuid = {A3CD3605-15FD-4E5E-8B03-641AFFB17B7F}
	EndGlobalSection
EndGlobal
