
Microsoft Visual Studio Solution File, Format Version 12.00
# Visual Studio Version 16
VisualStudioVersion = 16.0.30907.101
MinimumVisualStudioVersion = 10.0.40219.1
Project("{FAE04EC0-301F-11D3-BF4B-00C04F79EFBC}") = "RsLib.AlarmMgr", "AlarmManager\AlarmMgr\RsLib.AlarmMgr.csproj", "{DC32DA82-892A-4476-AC4F-C08A2BE023C2}"
EndProject
Project("{FAE04EC0-301F-11D3-BF4B-00C04F79EFBC}") = "RsLib.ConvertKeyBMP", "ConvertKeyBMP\ConvertKeyBMP\RsLib.ConvertKeyBMP.csproj", "{21BE27B5-A3D0-4F9D-B780-386E980F713C}"
EndProject
Project("{FAE04EC0-301F-11D3-BF4B-00C04F79EFBC}") = "RsLib.Common", "FT.Common\FT.Common\RsLib.Common.csproj", "{17F62326-ECA7-428B-80BC-216F77C54394}"
EndProject
Project("{FAE04EC0-301F-11D3-BF4B-00C04F79EFBC}") = "RsLib.PointCloud", "FT3D\FT3D\FT3D\RsLib.PointCloud.csproj", "{EA96D3AC-D147-48AA-92D9-681757E30ABC}"
EndProject
Project("{FAE04EC0-301F-11D3-BF4B-00C04F79EFBC}") = "RsLib.PointCloud.CalculateMatrix", "FT3D\FT3D\Calculate3DOrig\RsLib.PointCloud.CalculateMatrix.csproj", "{77AC06AE-F764-42CE-887D-50DEC1A36257}"
EndProject
Project("{FAE04EC0-301F-11D3-BF4B-00C04F79EFBC}") = "RsLib.DXF", "FTDXF\FTDXF\RsLib.DXF.csproj", "{C2D53614-9834-46F6-8608-399E5C48EBD1}"
EndProject
Project("{FAE04EC0-301F-11D3-BF4B-00C04F79EFBC}") = "RsLib.MMF", "FTMMF\FT.MMF\RsLib.MMF.csproj", "{1A8E9830-4A01-4820-BCE5-397D98F173BE}"
EndProject
Project("{FAE04EC0-301F-11D3-BF4B-00C04F79EFBC}") = "RsLib.X8000TCP", "KeyenceEthernet\X8000TCP\RsLib.X8000TCP.csproj", "{2B900918-2B55-4F04-AB1E-55F06F26BB6B}"
EndProject
Project("{FAE04EC0-301F-11D3-BF4B-00C04F79EFBC}") = "RsLib.LogMgr", "LogManager\LogMgr\RsLib.LogMgr.csproj", "{2723C5BE-D1D7-4DB3-A650-45CD7DDC4673}"
EndProject
Project("{FAE04EC0-301F-11D3-BF4B-00C04F79EFBC}") = "RsLib.Display", "TestCanvas\FT.Display\RsLib.Display.csproj", "{8C037E99-2910-4F24-A289-8DDE65B9E04F}"
EndProject
Project("{FAE04EC0-301F-11D3-BF4B-00C04F79EFBC}") = "RsLib.DXF2Display", "TestCanvas\FT.DXF2Display\RsLib.DXF2Display.csproj", "{5E709816-1155-4C38-9C9D-B2AA746C65D7}"
EndProject
Project("{FAE04EC0-301F-11D3-BF4B-00C04F79EFBC}") = "RsLib.WatchFolder", "WatchFolder\WatchFolder\RsLib.WatchFolder.csproj", "{8309A26D-6106-4942-A38F-6DE7991AD6FC}"
EndProject
Project("{FAE04EC0-301F-11D3-BF4B-00C04F79EFBC}") = "RsLib.McProtocol", "FT_MC_0828\FT_MC\RsLib.McProtocol.csproj", "{A19DFBF8-20A8-45C8-BE00-E7B4BB201E3B}"
EndProject
Project("{FAE04EC0-301F-11D3-BF4B-00C04F79EFBC}") = "RsLib.BaseType", "RsLib.BaseType\RsLib.BaseType.csproj", "{A83549CB-762B-457E-82AA-CFDB913D3CC6}"
EndProject
Project("{FAE04EC0-301F-11D3-BF4B-00C04F79EFBC}") = "RsLib.CalculateMatrixForm", "FT3D\FT3D\CalculateMatrixForm\RsLib.CalculateMatrixForm.csproj", "{52F26A3B-447C-4EDE-A5B2-C5FBB53808FD}"
EndProject
Project("{FAE04EC0-301F-11D3-BF4B-00C04F79EFBC}") = "RsLib.TCP", "RsLib.TCP\RsLib.TCP.csproj", "{6F3C8304-DB61-4306-8189-374A8ABC06D1}"
EndProject
Project("{FAE04EC0-301F-11D3-BF4B-00C04F79EFBC}") = "RsLib.DemoForm", "RsLib.DemoForm\RsLib.DemoForm.csproj", "{F354BD2A-D638-4EBD-BC61-414D1BD142CF}"
EndProject
Project("{FAE04EC0-301F-11D3-BF4B-00C04F79EFBC}") = "RsLib.Display3D", "RsLib.Display3D\RsLib.Display3D.csproj", "{06D831F7-418C-409F-881E-1650A4E44834}"
EndProject
Project("{FAE04EC0-301F-11D3-BF4B-00C04F79EFBC}") = "RsLib.XYZViewer", "RsLib.XYZViewer\RsLib.XYZViewer.csproj", "{A878A3D1-BBDC-4853-A098-C3DED6C4A39A}"
EndProject
Global
	GlobalSection(SolutionConfigurationPlatforms) = preSolution
		Debug|Any CPU = Debug|Any CPU
		Debug|x64 = Debug|x64
		Debug|x86 = Debug|x86
		Release|Any CPU = Release|Any CPU
		Release|x64 = Release|x64
		Release|x86 = Release|x86
	EndGlobalSection
	GlobalSection(ProjectConfigurationPlatforms) = postSolution
		{DC32DA82-892A-4476-AC4F-C08A2BE023C2}.Debug|Any CPU.ActiveCfg = Debug|Any CPU
		{DC32DA82-892A-4476-AC4F-C08A2BE023C2}.Debug|Any CPU.Build.0 = Debug|Any CPU
		{DC32DA82-892A-4476-AC4F-C08A2BE023C2}.Debug|x64.ActiveCfg = Debug|x64
		{DC32DA82-892A-4476-AC4F-C08A2BE023C2}.Debug|x64.Build.0 = Debug|x64
		{DC32DA82-892A-4476-AC4F-C08A2BE023C2}.Debug|x86.ActiveCfg = Debug|x86
		{DC32DA82-892A-4476-AC4F-C08A2BE023C2}.Debug|x86.Build.0 = Debug|x86
		{DC32DA82-892A-4476-AC4F-C08A2BE023C2}.Release|Any CPU.ActiveCfg = Release|Any CPU
		{DC32DA82-892A-4476-AC4F-C08A2BE023C2}.Release|Any CPU.Build.0 = Release|Any CPU
		{DC32DA82-892A-4476-AC4F-C08A2BE023C2}.Release|x64.ActiveCfg = Release|x64
		{DC32DA82-892A-4476-AC4F-C08A2BE023C2}.Release|x64.Build.0 = Release|x64
		{DC32DA82-892A-4476-AC4F-C08A2BE023C2}.Release|x86.ActiveCfg = Release|x86
		{DC32DA82-892A-4476-AC4F-C08A2BE023C2}.Release|x86.Build.0 = Release|x86
		{21BE27B5-A3D0-4F9D-B780-386E980F713C}.Debug|Any CPU.ActiveCfg = Debug|Any CPU
		{21BE27B5-A3D0-4F9D-B780-386E980F713C}.Debug|Any CPU.Build.0 = Debug|Any CPU
		{21BE27B5-A3D0-4F9D-B780-386E980F713C}.Debug|x64.ActiveCfg = Debug|x64
		{21BE27B5-A3D0-4F9D-B780-386E980F713C}.Debug|x64.Build.0 = Debug|x64
		{21BE27B5-A3D0-4F9D-B780-386E980F713C}.Debug|x86.ActiveCfg = Debug|x86
		{21BE27B5-A3D0-4F9D-B780-386E980F713C}.Debug|x86.Build.0 = Debug|x86
		{21BE27B5-A3D0-4F9D-B780-386E980F713C}.Release|Any CPU.ActiveCfg = Release|Any CPU
		{21BE27B5-A3D0-4F9D-B780-386E980F713C}.Release|Any CPU.Build.0 = Release|Any CPU
		{21BE27B5-A3D0-4F9D-B780-386E980F713C}.Release|x64.ActiveCfg = Release|x64
		{21BE27B5-A3D0-4F9D-B780-386E980F713C}.Release|x64.Build.0 = Release|x64
		{21BE27B5-A3D0-4F9D-B780-386E980F713C}.Release|x86.ActiveCfg = Release|x86
		{21BE27B5-A3D0-4F9D-B780-386E980F713C}.Release|x86.Build.0 = Release|x86
		{17F62326-ECA7-428B-80BC-216F77C54394}.Debug|Any CPU.ActiveCfg = Debug|Any CPU
		{17F62326-ECA7-428B-80BC-216F77C54394}.Debug|Any CPU.Build.0 = Debug|Any CPU
		{17F62326-ECA7-428B-80BC-216F77C54394}.Debug|x64.ActiveCfg = Debug|x64
		{17F62326-ECA7-428B-80BC-216F77C54394}.Debug|x64.Build.0 = Debug|x64
		{17F62326-ECA7-428B-80BC-216F77C54394}.Debug|x86.ActiveCfg = Debug|x86
		{17F62326-ECA7-428B-80BC-216F77C54394}.Debug|x86.Build.0 = Debug|x86
		{17F62326-ECA7-428B-80BC-216F77C54394}.Release|Any CPU.ActiveCfg = Release|Any CPU
		{17F62326-ECA7-428B-80BC-216F77C54394}.Release|Any CPU.Build.0 = Release|Any CPU
		{17F62326-ECA7-428B-80BC-216F77C54394}.Release|x64.ActiveCfg = Release|x64
		{17F62326-ECA7-428B-80BC-216F77C54394}.Release|x64.Build.0 = Release|x64
		{17F62326-ECA7-428B-80BC-216F77C54394}.Release|x86.ActiveCfg = Release|x86
		{17F62326-ECA7-428B-80BC-216F77C54394}.Release|x86.Build.0 = Release|x86
		{EA96D3AC-D147-48AA-92D9-681757E30ABC}.Debug|Any CPU.ActiveCfg = Debug|Any CPU
		{EA96D3AC-D147-48AA-92D9-681757E30ABC}.Debug|Any CPU.Build.0 = Debug|Any CPU
		{EA96D3AC-D147-48AA-92D9-681757E30ABC}.Debug|x64.ActiveCfg = Debug|x64
		{EA96D3AC-D147-48AA-92D9-681757E30ABC}.Debug|x64.Build.0 = Debug|x64
		{EA96D3AC-D147-48AA-92D9-681757E30ABC}.Debug|x86.ActiveCfg = Debug|x86
		{EA96D3AC-D147-48AA-92D9-681757E30ABC}.Debug|x86.Build.0 = Debug|x86
		{EA96D3AC-D147-48AA-92D9-681757E30ABC}.Release|Any CPU.ActiveCfg = Release|Any CPU
		{EA96D3AC-D147-48AA-92D9-681757E30ABC}.Release|Any CPU.Build.0 = Release|Any CPU
		{EA96D3AC-D147-48AA-92D9-681757E30ABC}.Release|x64.ActiveCfg = Release|x64
		{EA96D3AC-D147-48AA-92D9-681757E30ABC}.Release|x64.Build.0 = Release|x64
		{EA96D3AC-D147-48AA-92D9-681757E30ABC}.Release|x86.ActiveCfg = Release|x86
		{EA96D3AC-D147-48AA-92D9-681757E30ABC}.Release|x86.Build.0 = Release|x86
		{77AC06AE-F764-42CE-887D-50DEC1A36257}.Debug|Any CPU.ActiveCfg = Debug|Any CPU
		{77AC06AE-F764-42CE-887D-50DEC1A36257}.Debug|Any CPU.Build.0 = Debug|Any CPU
		{77AC06AE-F764-42CE-887D-50DEC1A36257}.Debug|x64.ActiveCfg = Debug|x64
		{77AC06AE-F764-42CE-887D-50DEC1A36257}.Debug|x64.Build.0 = Debug|x64
		{77AC06AE-F764-42CE-887D-50DEC1A36257}.Debug|x86.ActiveCfg = Debug|x86
		{77AC06AE-F764-42CE-887D-50DEC1A36257}.Debug|x86.Build.0 = Debug|x86
		{77AC06AE-F764-42CE-887D-50DEC1A36257}.Release|Any CPU.ActiveCfg = Release|Any CPU
		{77AC06AE-F764-42CE-887D-50DEC1A36257}.Release|Any CPU.Build.0 = Release|Any CPU
		{77AC06AE-F764-42CE-887D-50DEC1A36257}.Release|x64.ActiveCfg = Release|x64
		{77AC06AE-F764-42CE-887D-50DEC1A36257}.Release|x64.Build.0 = Release|x64
		{77AC06AE-F764-42CE-887D-50DEC1A36257}.Release|x86.ActiveCfg = Release|x86
		{77AC06AE-F764-42CE-887D-50DEC1A36257}.Release|x86.Build.0 = Release|x86
		{C2D53614-9834-46F6-8608-399E5C48EBD1}.Debug|Any CPU.ActiveCfg = Debug|Any CPU
		{C2D53614-9834-46F6-8608-399E5C48EBD1}.Debug|Any CPU.Build.0 = Debug|Any CPU
		{C2D53614-9834-46F6-8608-399E5C48EBD1}.Debug|x64.ActiveCfg = Debug|x64
		{C2D53614-9834-46F6-8608-399E5C48EBD1}.Debug|x64.Build.0 = Debug|x64
		{C2D53614-9834-46F6-8608-399E5C48EBD1}.Debug|x86.ActiveCfg = Debug|x86
		{C2D53614-9834-46F6-8608-399E5C48EBD1}.Debug|x86.Build.0 = Debug|x86
		{C2D53614-9834-46F6-8608-399E5C48EBD1}.Release|Any CPU.ActiveCfg = Release|Any CPU
		{C2D53614-9834-46F6-8608-399E5C48EBD1}.Release|Any CPU.Build.0 = Release|Any CPU
		{C2D53614-9834-46F6-8608-399E5C48EBD1}.Release|x64.ActiveCfg = Release|x64
		{C2D53614-9834-46F6-8608-399E5C48EBD1}.Release|x64.Build.0 = Release|x64
		{C2D53614-9834-46F6-8608-399E5C48EBD1}.Release|x86.ActiveCfg = Release|x86
		{C2D53614-9834-46F6-8608-399E5C48EBD1}.Release|x86.Build.0 = Release|x86
		{1A8E9830-4A01-4820-BCE5-397D98F173BE}.Debug|Any CPU.ActiveCfg = Debug|Any CPU
		{1A8E9830-4A01-4820-BCE5-397D98F173BE}.Debug|Any CPU.Build.0 = Debug|Any CPU
		{1A8E9830-4A01-4820-BCE5-397D98F173BE}.Debug|x64.ActiveCfg = Debug|x64
		{1A8E9830-4A01-4820-BCE5-397D98F173BE}.Debug|x64.Build.0 = Debug|x64
		{1A8E9830-4A01-4820-BCE5-397D98F173BE}.Debug|x86.ActiveCfg = Debug|x86
		{1A8E9830-4A01-4820-BCE5-397D98F173BE}.Debug|x86.Build.0 = Debug|x86
		{1A8E9830-4A01-4820-BCE5-397D98F173BE}.Release|Any CPU.ActiveCfg = Release|Any CPU
		{1A8E9830-4A01-4820-BCE5-397D98F173BE}.Release|Any CPU.Build.0 = Release|Any CPU
		{1A8E9830-4A01-4820-BCE5-397D98F173BE}.Release|x64.ActiveCfg = Release|x64
		{1A8E9830-4A01-4820-BCE5-397D98F173BE}.Release|x64.Build.0 = Release|x64
		{1A8E9830-4A01-4820-BCE5-397D98F173BE}.Release|x86.ActiveCfg = Release|x86
		{1A8E9830-4A01-4820-BCE5-397D98F173BE}.Release|x86.Build.0 = Release|x86
		{2B900918-2B55-4F04-AB1E-55F06F26BB6B}.Debug|Any CPU.ActiveCfg = Debug|Any CPU
		{2B900918-2B55-4F04-AB1E-55F06F26BB6B}.Debug|Any CPU.Build.0 = Debug|Any CPU
		{2B900918-2B55-4F04-AB1E-55F06F26BB6B}.Debug|x64.ActiveCfg = Debug|x64
		{2B900918-2B55-4F04-AB1E-55F06F26BB6B}.Debug|x64.Build.0 = Debug|x64
		{2B900918-2B55-4F04-AB1E-55F06F26BB6B}.Debug|x86.ActiveCfg = Debug|x86
		{2B900918-2B55-4F04-AB1E-55F06F26BB6B}.Debug|x86.Build.0 = Debug|x86
		{2B900918-2B55-4F04-AB1E-55F06F26BB6B}.Release|Any CPU.ActiveCfg = Release|Any CPU
		{2B900918-2B55-4F04-AB1E-55F06F26BB6B}.Release|Any CPU.Build.0 = Release|Any CPU
		{2B900918-2B55-4F04-AB1E-55F06F26BB6B}.Release|x64.ActiveCfg = Release|x64
		{2B900918-2B55-4F04-AB1E-55F06F26BB6B}.Release|x64.Build.0 = Release|x64
		{2B900918-2B55-4F04-AB1E-55F06F26BB6B}.Release|x86.ActiveCfg = Release|x86
		{2B900918-2B55-4F04-AB1E-55F06F26BB6B}.Release|x86.Build.0 = Release|x86
		{2723C5BE-D1D7-4DB3-A650-45CD7DDC4673}.Debug|Any CPU.ActiveCfg = Debug|Any CPU
		{2723C5BE-D1D7-4DB3-A650-45CD7DDC4673}.Debug|Any CPU.Build.0 = Debug|Any CPU
		{2723C5BE-D1D7-4DB3-A650-45CD7DDC4673}.Debug|x64.ActiveCfg = Debug|x64
		{2723C5BE-D1D7-4DB3-A650-45CD7DDC4673}.Debug|x64.Build.0 = Debug|x64
		{2723C5BE-D1D7-4DB3-A650-45CD7DDC4673}.Debug|x86.ActiveCfg = Debug|x86
		{2723C5BE-D1D7-4DB3-A650-45CD7DDC4673}.Debug|x86.Build.0 = Debug|x86
		{2723C5BE-D1D7-4DB3-A650-45CD7DDC4673}.Release|Any CPU.ActiveCfg = Release|Any CPU
		{2723C5BE-D1D7-4DB3-A650-45CD7DDC4673}.Release|Any CPU.Build.0 = Release|Any CPU
		{2723C5BE-D1D7-4DB3-A650-45CD7DDC4673}.Release|x64.ActiveCfg = Release|x64
		{2723C5BE-D1D7-4DB3-A650-45CD7DDC4673}.Release|x64.Build.0 = Release|x64
		{2723C5BE-D1D7-4DB3-A650-45CD7DDC4673}.Release|x86.ActiveCfg = Release|x86
		{2723C5BE-D1D7-4DB3-A650-45CD7DDC4673}.Release|x86.Build.0 = Release|x86
		{8C037E99-2910-4F24-A289-8DDE65B9E04F}.Debug|Any CPU.ActiveCfg = Debug|Any CPU
		{8C037E99-2910-4F24-A289-8DDE65B9E04F}.Debug|Any CPU.Build.0 = Debug|Any CPU
		{8C037E99-2910-4F24-A289-8DDE65B9E04F}.Debug|x64.ActiveCfg = Debug|x64
		{8C037E99-2910-4F24-A289-8DDE65B9E04F}.Debug|x64.Build.0 = Debug|x64
		{8C037E99-2910-4F24-A289-8DDE65B9E04F}.Debug|x86.ActiveCfg = Debug|x86
		{8C037E99-2910-4F24-A289-8DDE65B9E04F}.Debug|x86.Build.0 = Debug|x86
		{8C037E99-2910-4F24-A289-8DDE65B9E04F}.Release|Any CPU.ActiveCfg = Release|Any CPU
		{8C037E99-2910-4F24-A289-8DDE65B9E04F}.Release|Any CPU.Build.0 = Release|Any CPU
		{8C037E99-2910-4F24-A289-8DDE65B9E04F}.Release|x64.ActiveCfg = Release|x64
		{8C037E99-2910-4F24-A289-8DDE65B9E04F}.Release|x64.Build.0 = Release|x64
		{8C037E99-2910-4F24-A289-8DDE65B9E04F}.Release|x86.ActiveCfg = Release|x86
		{8C037E99-2910-4F24-A289-8DDE65B9E04F}.Release|x86.Build.0 = Release|x86
		{5E709816-1155-4C38-9C9D-B2AA746C65D7}.Debug|Any CPU.ActiveCfg = Debug|Any CPU
		{5E709816-1155-4C38-9C9D-B2AA746C65D7}.Debug|Any CPU.Build.0 = Debug|Any CPU
		{5E709816-1155-4C38-9C9D-B2AA746C65D7}.Debug|x64.ActiveCfg = Debug|x64
		{5E709816-1155-4C38-9C9D-B2AA746C65D7}.Debug|x64.Build.0 = Debug|x64
		{5E709816-1155-4C38-9C9D-B2AA746C65D7}.Debug|x86.ActiveCfg = Debug|x86
		{5E709816-1155-4C38-9C9D-B2AA746C65D7}.Debug|x86.Build.0 = Debug|x86
		{5E709816-1155-4C38-9C9D-B2AA746C65D7}.Release|Any CPU.ActiveCfg = Release|Any CPU
		{5E709816-1155-4C38-9C9D-B2AA746C65D7}.Release|Any CPU.Build.0 = Release|Any CPU
		{5E709816-1155-4C38-9C9D-B2AA746C65D7}.Release|x64.ActiveCfg = Release|x64
		{5E709816-1155-4C38-9C9D-B2AA746C65D7}.Release|x64.Build.0 = Release|x64
		{5E709816-1155-4C38-9C9D-B2AA746C65D7}.Release|x86.ActiveCfg = Release|x86
		{5E709816-1155-4C38-9C9D-B2AA746C65D7}.Release|x86.Build.0 = Release|x86
		{8309A26D-6106-4942-A38F-6DE7991AD6FC}.Debug|Any CPU.ActiveCfg = Debug|Any CPU
		{8309A26D-6106-4942-A38F-6DE7991AD6FC}.Debug|Any CPU.Build.0 = Debug|Any CPU
		{8309A26D-6106-4942-A38F-6DE7991AD6FC}.Debug|x64.ActiveCfg = Debug|x64
		{8309A26D-6106-4942-A38F-6DE7991AD6FC}.Debug|x64.Build.0 = Debug|x64
		{8309A26D-6106-4942-A38F-6DE7991AD6FC}.Debug|x86.ActiveCfg = Debug|x86
		{8309A26D-6106-4942-A38F-6DE7991AD6FC}.Debug|x86.Build.0 = Debug|x86
		{8309A26D-6106-4942-A38F-6DE7991AD6FC}.Release|Any CPU.ActiveCfg = Release|Any CPU
		{8309A26D-6106-4942-A38F-6DE7991AD6FC}.Release|Any CPU.Build.0 = Release|Any CPU
		{8309A26D-6106-4942-A38F-6DE7991AD6FC}.Release|x64.ActiveCfg = Release|x64
		{8309A26D-6106-4942-A38F-6DE7991AD6FC}.Release|x64.Build.0 = Release|x64
		{8309A26D-6106-4942-A38F-6DE7991AD6FC}.Release|x86.ActiveCfg = Release|x86
		{8309A26D-6106-4942-A38F-6DE7991AD6FC}.Release|x86.Build.0 = Release|x86
		{A19DFBF8-20A8-45C8-BE00-E7B4BB201E3B}.Debug|Any CPU.ActiveCfg = Debug|Any CPU
		{A19DFBF8-20A8-45C8-BE00-E7B4BB201E3B}.Debug|Any CPU.Build.0 = Debug|Any CPU
		{A19DFBF8-20A8-45C8-BE00-E7B4BB201E3B}.Debug|x64.ActiveCfg = Debug|x64
		{A19DFBF8-20A8-45C8-BE00-E7B4BB201E3B}.Debug|x64.Build.0 = Debug|x64
		{A19DFBF8-20A8-45C8-BE00-E7B4BB201E3B}.Debug|x86.ActiveCfg = Debug|x86
		{A19DFBF8-20A8-45C8-BE00-E7B4BB201E3B}.Debug|x86.Build.0 = Debug|x86
		{A19DFBF8-20A8-45C8-BE00-E7B4BB201E3B}.Release|Any CPU.ActiveCfg = Release|Any CPU
		{A19DFBF8-20A8-45C8-BE00-E7B4BB201E3B}.Release|Any CPU.Build.0 = Release|Any CPU
		{A19DFBF8-20A8-45C8-BE00-E7B4BB201E3B}.Release|x64.ActiveCfg = Release|x64
		{A19DFBF8-20A8-45C8-BE00-E7B4BB201E3B}.Release|x64.Build.0 = Release|x64
		{A19DFBF8-20A8-45C8-BE00-E7B4BB201E3B}.Release|x86.ActiveCfg = Release|x86
		{A19DFBF8-20A8-45C8-BE00-E7B4BB201E3B}.Release|x86.Build.0 = Release|x86
		{A83549CB-762B-457E-82AA-CFDB913D3CC6}.Debug|Any CPU.ActiveCfg = Debug|Any CPU
		{A83549CB-762B-457E-82AA-CFDB913D3CC6}.Debug|Any CPU.Build.0 = Debug|Any CPU
		{A83549CB-762B-457E-82AA-CFDB913D3CC6}.Debug|x64.ActiveCfg = Debug|x64
		{A83549CB-762B-457E-82AA-CFDB913D3CC6}.Debug|x64.Build.0 = Debug|x64
		{A83549CB-762B-457E-82AA-CFDB913D3CC6}.Debug|x86.ActiveCfg = Debug|x86
		{A83549CB-762B-457E-82AA-CFDB913D3CC6}.Debug|x86.Build.0 = Debug|x86
		{A83549CB-762B-457E-82AA-CFDB913D3CC6}.Release|Any CPU.ActiveCfg = Release|Any CPU
		{A83549CB-762B-457E-82AA-CFDB913D3CC6}.Release|Any CPU.Build.0 = Release|Any CPU
		{A83549CB-762B-457E-82AA-CFDB913D3CC6}.Release|x64.ActiveCfg = Release|x64
		{A83549CB-762B-457E-82AA-CFDB913D3CC6}.Release|x64.Build.0 = Release|x64
		{A83549CB-762B-457E-82AA-CFDB913D3CC6}.Release|x86.ActiveCfg = Release|x86
		{A83549CB-762B-457E-82AA-CFDB913D3CC6}.Release|x86.Build.0 = Release|x86
		{52F26A3B-447C-4EDE-A5B2-C5FBB53808FD}.Debug|Any CPU.ActiveCfg = Debug|Any CPU
		{52F26A3B-447C-4EDE-A5B2-C5FBB53808FD}.Debug|Any CPU.Build.0 = Debug|Any CPU
		{52F26A3B-447C-4EDE-A5B2-C5FBB53808FD}.Debug|x64.ActiveCfg = Debug|x64
		{52F26A3B-447C-4EDE-A5B2-C5FBB53808FD}.Debug|x64.Build.0 = Debug|x64
		{52F26A3B-447C-4EDE-A5B2-C5FBB53808FD}.Debug|x86.ActiveCfg = Debug|x86
		{52F26A3B-447C-4EDE-A5B2-C5FBB53808FD}.Debug|x86.Build.0 = Debug|x86
		{52F26A3B-447C-4EDE-A5B2-C5FBB53808FD}.Release|Any CPU.ActiveCfg = Release|Any CPU
		{52F26A3B-447C-4EDE-A5B2-C5FBB53808FD}.Release|Any CPU.Build.0 = Release|Any CPU
		{52F26A3B-447C-4EDE-A5B2-C5FBB53808FD}.Release|x64.ActiveCfg = Release|x64
		{52F26A3B-447C-4EDE-A5B2-C5FBB53808FD}.Release|x64.Build.0 = Release|x64
		{52F26A3B-447C-4EDE-A5B2-C5FBB53808FD}.Release|x86.ActiveCfg = Release|x86
		{52F26A3B-447C-4EDE-A5B2-C5FBB53808FD}.Release|x86.Build.0 = Release|x86
		{6F3C8304-DB61-4306-8189-374A8ABC06D1}.Debug|Any CPU.ActiveCfg = Debug|Any CPU
		{6F3C8304-DB61-4306-8189-374A8ABC06D1}.Debug|Any CPU.Build.0 = Debug|Any CPU
		{6F3C8304-DB61-4306-8189-374A8ABC06D1}.Debug|x64.ActiveCfg = Debug|x64
		{6F3C8304-DB61-4306-8189-374A8ABC06D1}.Debug|x64.Build.0 = Debug|x64
		{6F3C8304-DB61-4306-8189-374A8ABC06D1}.Debug|x86.ActiveCfg = Debug|x86
		{6F3C8304-DB61-4306-8189-374A8ABC06D1}.Debug|x86.Build.0 = Debug|x86
		{6F3C8304-DB61-4306-8189-374A8ABC06D1}.Release|Any CPU.ActiveCfg = Release|Any CPU
		{6F3C8304-DB61-4306-8189-374A8ABC06D1}.Release|Any CPU.Build.0 = Release|Any CPU
		{6F3C8304-DB61-4306-8189-374A8ABC06D1}.Release|x64.ActiveCfg = Release|x64
		{6F3C8304-DB61-4306-8189-374A8ABC06D1}.Release|x64.Build.0 = Release|x64
		{6F3C8304-DB61-4306-8189-374A8ABC06D1}.Release|x86.ActiveCfg = Release|x86
		{6F3C8304-DB61-4306-8189-374A8ABC06D1}.Release|x86.Build.0 = Release|x86
		{F354BD2A-D638-4EBD-BC61-414D1BD142CF}.Debug|Any CPU.ActiveCfg = Debug|Any CPU
		{F354BD2A-D638-4EBD-BC61-414D1BD142CF}.Debug|Any CPU.Build.0 = Debug|Any CPU
		{F354BD2A-D638-4EBD-BC61-414D1BD142CF}.Debug|x64.ActiveCfg = Debug|x64
		{F354BD2A-D638-4EBD-BC61-414D1BD142CF}.Debug|x64.Build.0 = Debug|x64
		{F354BD2A-D638-4EBD-BC61-414D1BD142CF}.Debug|x86.ActiveCfg = Debug|x86
		{F354BD2A-D638-4EBD-BC61-414D1BD142CF}.Debug|x86.Build.0 = Debug|x86
		{F354BD2A-D638-4EBD-BC61-414D1BD142CF}.Release|Any CPU.ActiveCfg = Release|Any CPU
		{F354BD2A-D638-4EBD-BC61-414D1BD142CF}.Release|Any CPU.Build.0 = Release|Any CPU
		{F354BD2A-D638-4EBD-BC61-414D1BD142CF}.Release|x64.ActiveCfg = Release|x64
		{F354BD2A-D638-4EBD-BC61-414D1BD142CF}.Release|x64.Build.0 = Release|x64
		{F354BD2A-D638-4EBD-BC61-414D1BD142CF}.Release|x86.ActiveCfg = Release|x86
		{F354BD2A-D638-4EBD-BC61-414D1BD142CF}.Release|x86.Build.0 = Release|x86
		{06D831F7-418C-409F-881E-1650A4E44834}.Debug|Any CPU.ActiveCfg = Debug|Any CPU
		{06D831F7-418C-409F-881E-1650A4E44834}.Debug|Any CPU.Build.0 = Debug|Any CPU
		{06D831F7-418C-409F-881E-1650A4E44834}.Debug|x64.ActiveCfg = Debug|x64
		{06D831F7-418C-409F-881E-1650A4E44834}.Debug|x64.Build.0 = Debug|x64
		{06D831F7-418C-409F-881E-1650A4E44834}.Debug|x86.ActiveCfg = Debug|x86
		{06D831F7-418C-409F-881E-1650A4E44834}.Debug|x86.Build.0 = Debug|x86
		{06D831F7-418C-409F-881E-1650A4E44834}.Release|Any CPU.ActiveCfg = Release|Any CPU
		{06D831F7-418C-409F-881E-1650A4E44834}.Release|Any CPU.Build.0 = Release|Any CPU
		{06D831F7-418C-409F-881E-1650A4E44834}.Release|x64.ActiveCfg = Release|Any CPU
		{06D831F7-418C-409F-881E-1650A4E44834}.Release|x64.Build.0 = Release|Any CPU
		{06D831F7-418C-409F-881E-1650A4E44834}.Release|x86.ActiveCfg = Release|Any CPU
		{06D831F7-418C-409F-881E-1650A4E44834}.Release|x86.Build.0 = Release|Any CPU
		{A878A3D1-BBDC-4853-A098-C3DED6C4A39A}.Debug|Any CPU.ActiveCfg = Debug|Any CPU
		{A878A3D1-BBDC-4853-A098-C3DED6C4A39A}.Debug|Any CPU.Build.0 = Debug|Any CPU
		{A878A3D1-BBDC-4853-A098-C3DED6C4A39A}.Debug|x64.ActiveCfg = Debug|x64
		{A878A3D1-BBDC-4853-A098-C3DED6C4A39A}.Debug|x64.Build.0 = Debug|x64
		{A878A3D1-BBDC-4853-A098-C3DED6C4A39A}.Debug|x86.ActiveCfg = Debug|x86
		{A878A3D1-BBDC-4853-A098-C3DED6C4A39A}.Debug|x86.Build.0 = Debug|x86
		{A878A3D1-BBDC-4853-A098-C3DED6C4A39A}.Release|Any CPU.ActiveCfg = Release|Any CPU
		{A878A3D1-BBDC-4853-A098-C3DED6C4A39A}.Release|Any CPU.Build.0 = Release|Any CPU
		{A878A3D1-BBDC-4853-A098-C3DED6C4A39A}.Release|x64.ActiveCfg = Release|Any CPU
		{A878A3D1-BBDC-4853-A098-C3DED6C4A39A}.Release|x64.Build.0 = Release|Any CPU
		{A878A3D1-BBDC-4853-A098-C3DED6C4A39A}.Release|x86.ActiveCfg = Release|Any CPU
		{A878A3D1-BBDC-4853-A098-C3DED6C4A39A}.Release|x86.Build.0 = Release|Any CPU
	EndGlobalSection
	GlobalSection(SolutionProperties) = preSolution
		HideSolutionNode = FALSE
	EndGlobalSection
	GlobalSection(ExtensibilityGlobals) = postSolution
		SolutionGuid = {DB355118-D7A9-4E68-8D58-126AC87AA25C}
	EndGlobalSection
EndGlobal
