
Microsoft Visual Studio Solution File, Format Version 12.00
# Visual Studio Version 16
VisualStudioVersion = 16.0.30907.101
MinimumVisualStudioVersion = 10.0.40219.1
Project("{FAE04EC0-301F-11D3-BF4B-00C04F79EFBC}") = "TestKeyenceEthernet", "TestKeyenceEthernet\TestKeyenceEthernet.csproj", "{694935DC-4A8A-449E-A822-8D8EF0F3D42A}"
EndProject
Project("{FAE04EC0-301F-11D3-BF4B-00C04F79EFBC}") = "X8000TCP", "..\X8000TCP\X8000TCP.csproj", "{2B900918-2B55-4F04-AB1E-55F06F26BB6B}"
EndProject
Global
	GlobalSection(SolutionConfigurationPlatforms) = preSolution
		Debug|Any CPU = Debug|Any CPU
		Debug|x64 = Debug|x64
		Debug|x86 = Debug|x86
		Release|Any CPU = Release|Any CPU
		Release|x64 = Release|x64
		Release|x86 = Release|x86
	EndGlobalSection
	GlobalSection(ProjectConfigurationPlatforms) = postSolution
		{694935DC-4A8A-449E-A822-8D8EF0F3D42A}.Debug|Any CPU.ActiveCfg = Debug|Any CPU
		{694935DC-4A8A-449E-A822-8D8EF0F3D42A}.Debug|Any CPU.Build.0 = Debug|Any CPU
		{694935DC-4A8A-449E-A822-8D8EF0F3D42A}.Debug|x64.ActiveCfg = Debug|x64
		{694935DC-4A8A-449E-A822-8D8EF0F3D42A}.Debug|x64.Build.0 = Debug|x64
		{694935DC-4A8A-449E-A822-8D8EF0F3D42A}.Debug|x86.ActiveCfg = Debug|x86
		{694935DC-4A8A-449E-A822-8D8EF0F3D42A}.Debug|x86.Build.0 = Debug|x86
		{694935DC-4A8A-449E-A822-8D8EF0F3D42A}.Release|Any CPU.ActiveCfg = Release|Any CPU
		{694935DC-4A8A-449E-A822-8D8EF0F3D42A}.Release|Any CPU.Build.0 = Release|Any CPU
		{694935DC-4A8A-449E-A822-8D8EF0F3D42A}.Release|x64.ActiveCfg = Release|x64
		{694935DC-4A8A-449E-A822-8D8EF0F3D42A}.Release|x64.Build.0 = Release|x64
		{694935DC-4A8A-449E-A822-8D8EF0F3D42A}.Release|x86.ActiveCfg = Release|x86
		{694935DC-4A8A-449E-A822-8D8EF0F3D42A}.Release|x86.Build.0 = Release|x86
		{2B900918-2B55-4F04-AB1E-55F06F26BB6B}.Debug|Any CPU.ActiveCfg = Debug|Any CPU
		{2B900918-2B55-4F04-AB1E-55F06F26BB6B}.Debug|Any CPU.Build.0 = Debug|Any CPU
		{2B900918-2B55-4F04-AB1E-55F06F26BB6B}.Debug|x64.ActiveCfg = Debug|x64
		{2B900918-2B55-4F04-AB1E-55F06F26BB6B}.Debug|x64.Build.0 = Debug|x64
		{2B900918-2B55-4F04-AB1E-55F06F26BB6B}.Debug|x86.ActiveCfg = Debug|x86
		{2B900918-2B55-4F04-AB1E-55F06F26BB6B}.Debug|x86.Build.0 = Debug|x86
		{2B900918-2B55-4F04-AB1E-55F06F26BB6B}.Release|Any CPU.ActiveCfg = Release|Any CPU
		{2B900918-2B55-4F04-AB1E-55F06F26BB6B}.Release|Any CPU.Build.0 = Release|Any CPU
		{2B900918-2B55-4F04-AB1E-55F06F26BB6B}.Release|x64.ActiveCfg = Release|x64
		{2B900918-2B55-4F04-AB1E-55F06F26BB6B}.Release|x64.Build.0 = Release|x64
		{2B900918-2B55-4F04-AB1E-55F06F26BB6B}.Release|x86.ActiveCfg = Release|x86
		{2B900918-2B55-4F04-AB1E-55F06F26BB6B}.Release|x86.Build.0 = Release|x86
	EndGlobalSection
	GlobalSection(SolutionProperties) = preSolution
		HideSolutionNode = FALSE
	EndGlobalSection
	GlobalSection(ExtensibilityGlobals) = postSolution
		SolutionGuid = {49CFABB0-FCCF-4799-89F7-63AB05FAE214}
	EndGlobalSection
EndGlobal
