
Microsoft Visual Studio Solution File, Format Version 12.00
# Visual Studio Version 16
VisualStudioVersion = 16.0.30907.101
MinimumVisualStudioVersion = 10.0.40219.1
Project("{FAE04EC0-301F-11D3-BF4B-00C04F79EFBC}") = "FT.DXF", "FTDXF\FT.DXF.csproj", "{C2D53614-9834-46F6-8608-399E5C48EBD1}"
EndProject
Project("{FAE04EC0-301F-11D3-BF4B-00C04F79EFBC}") = "TestForm", "TestForm\TestForm.csproj", "{D4787B48-8252-4BC8-8E00-23DF90425D78}"
EndProject
Global
	GlobalSection(SolutionConfigurationPlatforms) = preSolution
		Debug|Any CPU = Debug|Any CPU
		Debug|x64 = Debug|x64
		Debug|x86 = Debug|x86
		Release|Any CPU = Release|Any CPU
		Release|x64 = Release|x64
		Release|x86 = Release|x86
	EndGlobalSection
	GlobalSection(ProjectConfigurationPlatforms) = postSolution
		{C2D53614-9834-46F6-8608-399E5C48EBD1}.Debug|Any CPU.ActiveCfg = Debug|Any CPU
		{C2D53614-9834-46F6-8608-399E5C48EBD1}.Debug|Any CPU.Build.0 = Debug|Any CPU
		{C2D53614-9834-46F6-8608-399E5C48EBD1}.Debug|x64.ActiveCfg = Debug|x64
		{C2D53614-9834-46F6-8608-399E5C48EBD1}.Debug|x64.Build.0 = Debug|x64
		{C2D53614-9834-46F6-8608-399E5C48EBD1}.Debug|x86.ActiveCfg = Debug|x86
		{C2D53614-9834-46F6-8608-399E5C48EBD1}.Debug|x86.Build.0 = Debug|x86
		{C2D53614-9834-46F6-8608-399E5C48EBD1}.Release|Any CPU.ActiveCfg = Release|Any CPU
		{C2D53614-9834-46F6-8608-399E5C48EBD1}.Release|Any CPU.Build.0 = Release|Any CPU
		{C2D53614-9834-46F6-8608-399E5C48EBD1}.Release|x64.ActiveCfg = Release|x64
		{C2D53614-9834-46F6-8608-399E5C48EBD1}.Release|x64.Build.0 = Release|x64
		{C2D53614-9834-46F6-8608-399E5C48EBD1}.Release|x86.ActiveCfg = Release|x86
		{C2D53614-9834-46F6-8608-399E5C48EBD1}.Release|x86.Build.0 = Release|x86
		{D4787B48-8252-4BC8-8E00-23DF90425D78}.Debug|Any CPU.ActiveCfg = Debug|Any CPU
		{D4787B48-8252-4BC8-8E00-23DF90425D78}.Debug|Any CPU.Build.0 = Debug|Any CPU
		{D4787B48-8252-4BC8-8E00-23DF90425D78}.Debug|x64.ActiveCfg = Debug|x64
		{D4787B48-8252-4BC8-8E00-23DF90425D78}.Debug|x64.Build.0 = Debug|x64
		{D4787B48-8252-4BC8-8E00-23DF90425D78}.Debug|x86.ActiveCfg = Debug|x86
		{D4787B48-8252-4BC8-8E00-23DF90425D78}.Debug|x86.Build.0 = Debug|x86
		{D4787B48-8252-4BC8-8E00-23DF90425D78}.Release|Any CPU.ActiveCfg = Release|Any CPU
		{D4787B48-8252-4BC8-8E00-23DF90425D78}.Release|Any CPU.Build.0 = Release|Any CPU
		{D4787B48-8252-4BC8-8E00-23DF90425D78}.Release|x64.ActiveCfg = Release|x64
		{D4787B48-8252-4BC8-8E00-23DF90425D78}.Release|x64.Build.0 = Release|x64
		{D4787B48-8252-4BC8-8E00-23DF90425D78}.Release|x86.ActiveCfg = Release|x86
		{D4787B48-8252-4BC8-8E00-23DF90425D78}.Release|x86.Build.0 = Release|x86
	EndGlobalSection
	GlobalSection(SolutionProperties) = preSolution
		HideSolutionNode = FALSE
	EndGlobalSection
	GlobalSection(ExtensibilityGlobals) = postSolution
		SolutionGuid = {460104E2-6812-4493-9E7E-EC1D153BBCB8}
	EndGlobalSection
EndGlobal
