
Microsoft Visual Studio Solution File, Format Version 12.00
# Visual Studio Version 16
VisualStudioVersion = 16.0.30907.101
MinimumVisualStudioVersion = 10.0.40219.1
Project("{FAE04EC0-301F-11D3-BF4B-00C04F79EFBC}") = "TestCanvas", "TestCanvas\TestCanvas.csproj", "{4BD02106-DEB3-44A6-93F7-8B466229FD14}"
EndProject
Project("{FAE04EC0-301F-11D3-BF4B-00C04F79EFBC}") = "FT.Display", "FT.Display\FT.Display.csproj", "{8C037E99-2910-4F24-A289-8DDE65B9E04F}"
EndProject
Project("{FAE04EC0-301F-11D3-BF4B-00C04F79EFBC}") = "FT.DXF2Display", "FT.DXF2Display\FT.DXF2Display.csproj", "{5E709816-1155-4C38-9C9D-B2AA746C65D7}"
EndProject
Global
	GlobalSection(SolutionConfigurationPlatforms) = preSolution
		Debug|Any CPU = Debug|Any CPU
		Debug|x64 = Debug|x64
		Debug|x86 = Debug|x86
		Release|Any CPU = Release|Any CPU
		Release|x64 = Release|x64
		Release|x86 = Release|x86
	EndGlobalSection
	GlobalSection(ProjectConfigurationPlatforms) = postSolution
		{4BD02106-DEB3-44A6-93F7-8B466229FD14}.Debug|Any CPU.ActiveCfg = Debug|Any CPU
		{4BD02106-DEB3-44A6-93F7-8B466229FD14}.Debug|Any CPU.Build.0 = Debug|Any CPU
		{4BD02106-DEB3-44A6-93F7-8B466229FD14}.Debug|x64.ActiveCfg = Debug|x64
		{4BD02106-DEB3-44A6-93F7-8B466229FD14}.Debug|x64.Build.0 = Debug|x64
		{4BD02106-DEB3-44A6-93F7-8B466229FD14}.Debug|x86.ActiveCfg = Debug|x86
		{4BD02106-DEB3-44A6-93F7-8B466229FD14}.Debug|x86.Build.0 = Debug|x86
		{4BD02106-DEB3-44A6-93F7-8B466229FD14}.Release|Any CPU.ActiveCfg = Release|Any CPU
		{4BD02106-DEB3-44A6-93F7-8B466229FD14}.Release|Any CPU.Build.0 = Release|Any CPU
		{4BD02106-DEB3-44A6-93F7-8B466229FD14}.Release|x64.ActiveCfg = Release|x64
		{4BD02106-DEB3-44A6-93F7-8B466229FD14}.Release|x64.Build.0 = Release|x64
		{4BD02106-DEB3-44A6-93F7-8B466229FD14}.Release|x86.ActiveCfg = Release|x86
		{4BD02106-DEB3-44A6-93F7-8B466229FD14}.Release|x86.Build.0 = Release|x86
		{8C037E99-2910-4F24-A289-8DDE65B9E04F}.Debug|Any CPU.ActiveCfg = Debug|Any CPU
		{8C037E99-2910-4F24-A289-8DDE65B9E04F}.Debug|Any CPU.Build.0 = Debug|Any CPU
		{8C037E99-2910-4F24-A289-8DDE65B9E04F}.Debug|x64.ActiveCfg = Debug|x64
		{8C037E99-2910-4F24-A289-8DDE65B9E04F}.Debug|x64.Build.0 = Debug|x64
		{8C037E99-2910-4F24-A289-8DDE65B9E04F}.Debug|x86.ActiveCfg = Debug|x86
		{8C037E99-2910-4F24-A289-8DDE65B9E04F}.Debug|x86.Build.0 = Debug|x86
		{8C037E99-2910-4F24-A289-8DDE65B9E04F}.Release|Any CPU.ActiveCfg = Release|Any CPU
		{8C037E99-2910-4F24-A289-8DDE65B9E04F}.Release|Any CPU.Build.0 = Release|Any CPU
		{8C037E99-2910-4F24-A289-8DDE65B9E04F}.Release|x64.ActiveCfg = Release|Any CPU
		{8C037E99-2910-4F24-A289-8DDE65B9E04F}.Release|x64.Build.0 = Release|Any CPU
		{8C037E99-2910-4F24-A289-8DDE65B9E04F}.Release|x86.ActiveCfg = Release|x86
		{8C037E99-2910-4F24-A289-8DDE65B9E04F}.Release|x86.Build.0 = Release|x86
		{5E709816-1155-4C38-9C9D-B2AA746C65D7}.Debug|Any CPU.ActiveCfg = Debug|Any CPU
		{5E709816-1155-4C38-9C9D-B2AA746C65D7}.Debug|Any CPU.Build.0 = Debug|Any CPU
		{5E709816-1155-4C38-9C9D-B2AA746C65D7}.Debug|x64.ActiveCfg = Debug|x64
		{5E709816-1155-4C38-9C9D-B2AA746C65D7}.Debug|x64.Build.0 = Debug|x64
		{5E709816-1155-4C38-9C9D-B2AA746C65D7}.Debug|x86.ActiveCfg = Debug|x86
		{5E709816-1155-4C38-9C9D-B2AA746C65D7}.Debug|x86.Build.0 = Debug|x86
		{5E709816-1155-4C38-9C9D-B2AA746C65D7}.Release|Any CPU.ActiveCfg = Release|Any CPU
		{5E709816-1155-4C38-9C9D-B2AA746C65D7}.Release|Any CPU.Build.0 = Release|Any CPU
		{5E709816-1155-4C38-9C9D-B2AA746C65D7}.Release|x64.ActiveCfg = Release|Any CPU
		{5E709816-1155-4C38-9C9D-B2AA746C65D7}.Release|x64.Build.0 = Release|Any CPU
		{5E709816-1155-4C38-9C9D-B2AA746C65D7}.Release|x86.ActiveCfg = Release|x86
		{5E709816-1155-4C38-9C9D-B2AA746C65D7}.Release|x86.Build.0 = Release|x86
	EndGlobalSection
	GlobalSection(SolutionProperties) = preSolution
		HideSolutionNode = FALSE
	EndGlobalSection
	GlobalSection(ExtensibilityGlobals) = postSolution
		SolutionGuid = {AD471963-11AF-4F31-A007-7ACD7E1BA908}
	EndGlobalSection
EndGlobal
