
Microsoft Visual Studio Solution File, Format Version 12.00
# Visual Studio Version 16
VisualStudioVersion = 16.0.30907.101
MinimumVisualStudioVersion = 10.0.40219.1
Project("{FAE04EC0-301F-11D3-BF4B-00C04F79EFBC}") = "XYZViewerLite", "XYZViewer\XYZViewerLite.csproj", "{FB103BF1-EAAA-47A0-A0B1-3DFD1E634517}"
EndProject
Global
	GlobalSection(SolutionConfigurationPlatforms) = preSolution
		Debug|x86 = Debug|x86
		Release|x86 = Release|x86
	EndGlobalSection
	GlobalSection(ProjectConfigurationPlatforms) = postSolution
		{FB103BF1-EAAA-47A0-A0B1-3DFD1E634517}.Debug|x86.ActiveCfg = Debug|x86
		{FB103BF1-EAAA-47A0-A0B1-3DFD1E634517}.Debug|x86.Build.0 = Debug|x86
		{FB103BF1-EAAA-47A0-A0B1-3DFD1E634517}.Release|x86.ActiveCfg = Release|x86
		{FB103BF1-EAAA-47A0-A0B1-3DFD1E634517}.Release|x86.Build.0 = Release|x86
	EndGlobalSection
	GlobalSection(SolutionProperties) = preSolution
		HideSolutionNode = FALSE
	EndGlobalSection
	GlobalSection(ExtensibilityGlobals) = postSolution
		SolutionGuid = {ED612941-32D5-49F9-BFFF-718E6D56E04B}
	EndGlobalSection
EndGlobal
